
Microsoft Visual Studio Solution File, Format Version 12.00
# Visual Studio Version 17
VisualStudioVersion = 17.5.002.0
MinimumVisualStudioVersion = 10.0.40219.1
Project("{9A19103F-16F7-4668-BE54-9A1E7A4F7556}") = "API", "API.csproj", "{12318079-47A3-4289-8C05-7DA7E1DB9BA6}"
EndProject
Global
	GlobalSection(SolutionConfigurationPlatforms) = preSolution
		Debug|Any CPU = Debug|Any CPU
		Release|Any CPU = Release|Any CPU
	EndGlobalSection
	GlobalSection(ProjectConfigurationPlatforms) = postSolution
		{12318079-47A3-4289-8C05-7DA7E1DB9BA6}.Debug|Any CPU.ActiveCfg = Debug|Any CPU
		{12318079-47A3-4289-8C05-7DA7E1DB9BA6}.Debug|Any CPU.Build.0 = Debug|Any CPU
		{12318079-47A3-4289-8C05-7DA7E1DB9BA6}.Release|Any CPU.ActiveCfg = Release|Any CPU
		{12318079-47A3-4289-8C05-7DA7E1DB9BA6}.Release|Any CPU.Build.0 = Release|Any CPU
	EndGlobalSection
	GlobalSection(SolutionProperties) = preSolution
		HideSolutionNode = FALSE
	EndGlobalSection
	GlobalSection(ExtensibilityGlobals) = postSolution
		SolutionGuid = {57C67275-DE03-4C62-8BE2-0A628ADE7975}
	EndGlobalSection
EndGlobal
